
Microsoft Visual Studio Solution File, Format Version 12.00
# Visual Studio 15
VisualStudioVersion = 15.0.27130.2036
MinimumVisualStudioVersion = 10.0.40219.1
Project("{2150E333-8FDC-42A3-9474-1A3956D46DE8}") = "20- Infrastructure", "20- Infrastructure", "{9B00770E-0196-4FD8-BDE3-1579C1ECFEAE}"
EndProject
Project("{9A19103F-16F7-4668-BE54-9A1E7A4F7556}") = "Jazzy.Infrastructure", "src\Jazzy.Infrastructure\Jazzy.Infrastructure.csproj", "{92F5097D-30CC-42B6-A638-0FC5938A6476}"
EndProject
Project("{9A19103F-16F7-4668-BE54-9A1E7A4F7556}") = "Jazzy.Library", "src\Jazzy.Library\Jazzy.Library.csproj", "{61E4353F-52EF-469E-B120-2111B72F06BA}"
EndProject
Project("{9A19103F-16F7-4668-BE54-9A1E7A4F7556}") = "Jazzy.Component", "src\Jazzy.Component\Jazzy.Component.csproj", "{15125D9B-9CB4-48CC-A91E-1A78638D5E3B}"
EndProject
Project("{2150E333-8FDC-42A3-9474-1A3956D46DE8}") = "10- Presentation", "10- Presentation", "{220E82B1-00FB-446C-94BF-B7AC97104EC7}"
EndProject
Project("{2150E333-8FDC-42A3-9474-1A3956D46DE8}") = "11- Application", "11- Application", "{EE5DC2DC-095A-4497-9F4B-CC729413A6DD}"
EndProject
Project("{2150E333-8FDC-42A3-9474-1A3956D46DE8}") = "12- Domain", "12- Domain", "{A850CD12-7481-404E-A06E-55E498F36F14}"
EndProject
Project("{2150E333-8FDC-42A3-9474-1A3956D46DE8}") = "40 -Build", "40 -Build", "{EE56D19F-2954-42DD-8FAC-69F402345285}"
EndProject
Project("{2150E333-8FDC-42A3-9474-1A3956D46DE8}") = "30- Test", "30- Test", "{432AEF7C-9FA2-4AAA-B892-8E6037D8FD05}"
EndProject
Project("{9A19103F-16F7-4668-BE54-9A1E7A4F7556}") = "Jazzy.Infrastructure.Test", "test\Jazzy.Infrastructure.Test\Jazzy.Infrastructure.Test.csproj", "{1647ED82-3993-42A0-8158-63C9CC956D44}"
EndProject
Project("{9A19103F-16F7-4668-BE54-9A1E7A4F7556}") = "Jazzy.Library.Utility", "src\Jazzy.Library.Utility\Jazzy.Library.Utility.csproj", "{E016459B-419A-49A7-8D52-99F34C5BB3D8}"
EndProject
Project("{9A19103F-16F7-4668-BE54-9A1E7A4F7556}") = "Jazzy.Domain", "src\Jazzy.Domain\Jazzy.Domain.csproj", "{1EC5B220-D08A-4925-AA41-AD88E751D3B7}"
EndProject
Project("{2150E333-8FDC-42A3-9474-1A3956D46DE8}") = "13-Repository", "13-Repository", "{2045E983-77F0-42C4-B5D2-E12DC654AF3C}"
EndProject
Project("{9A19103F-16F7-4668-BE54-9A1E7A4F7556}") = "Jazzy.Repository.LinqToDB", "src\Jazzy.Repository.LinqToDB\Jazzy.Repository.LinqToDB.csproj", "{96BDD68A-93BA-454E-B195-7AE2C30670C0}"
EndProject
Global
	GlobalSection(SolutionConfigurationPlatforms) = preSolution
		Debug|Any CPU = Debug|Any CPU
		Release|Any CPU = Release|Any CPU
	EndGlobalSection
	GlobalSection(ProjectConfigurationPlatforms) = postSolution
		{92F5097D-30CC-42B6-A638-0FC5938A6476}.Debug|Any CPU.ActiveCfg = Debug|Any CPU
		{92F5097D-30CC-42B6-A638-0FC5938A6476}.Debug|Any CPU.Build.0 = Debug|Any CPU
		{92F5097D-30CC-42B6-A638-0FC5938A6476}.Release|Any CPU.ActiveCfg = Release|Any CPU
		{92F5097D-30CC-42B6-A638-0FC5938A6476}.Release|Any CPU.Build.0 = Release|Any CPU
		{61E4353F-52EF-469E-B120-2111B72F06BA}.Debug|Any CPU.ActiveCfg = Debug|Any CPU
		{61E4353F-52EF-469E-B120-2111B72F06BA}.Debug|Any CPU.Build.0 = Debug|Any CPU
		{61E4353F-52EF-469E-B120-2111B72F06BA}.Release|Any CPU.ActiveCfg = Release|Any CPU
		{61E4353F-52EF-469E-B120-2111B72F06BA}.Release|Any CPU.Build.0 = Release|Any CPU
		{15125D9B-9CB4-48CC-A91E-1A78638D5E3B}.Debug|Any CPU.ActiveCfg = Debug|Any CPU
		{15125D9B-9CB4-48CC-A91E-1A78638D5E3B}.Debug|Any CPU.Build.0 = Debug|Any CPU
		{15125D9B-9CB4-48CC-A91E-1A78638D5E3B}.Release|Any CPU.ActiveCfg = Release|Any CPU
		{15125D9B-9CB4-48CC-A91E-1A78638D5E3B}.Release|Any CPU.Build.0 = Release|Any CPU
		{1647ED82-3993-42A0-8158-63C9CC956D44}.Debug|Any CPU.ActiveCfg = Debug|Any CPU
		{1647ED82-3993-42A0-8158-63C9CC956D44}.Debug|Any CPU.Build.0 = Debug|Any CPU
		{1647ED82-3993-42A0-8158-63C9CC956D44}.Release|Any CPU.ActiveCfg = Release|Any CPU
		{1647ED82-3993-42A0-8158-63C9CC956D44}.Release|Any CPU.Build.0 = Release|Any CPU
		{E016459B-419A-49A7-8D52-99F34C5BB3D8}.Debug|Any CPU.ActiveCfg = Debug|Any CPU
		{E016459B-419A-49A7-8D52-99F34C5BB3D8}.Debug|Any CPU.Build.0 = Debug|Any CPU
		{E016459B-419A-49A7-8D52-99F34C5BB3D8}.Release|Any CPU.ActiveCfg = Release|Any CPU
		{E016459B-419A-49A7-8D52-99F34C5BB3D8}.Release|Any CPU.Build.0 = Release|Any CPU
		{1EC5B220-D08A-4925-AA41-AD88E751D3B7}.Debug|Any CPU.ActiveCfg = Debug|Any CPU
		{1EC5B220-D08A-4925-AA41-AD88E751D3B7}.Debug|Any CPU.Build.0 = Debug|Any CPU
		{1EC5B220-D08A-4925-AA41-AD88E751D3B7}.Release|Any CPU.ActiveCfg = Release|Any CPU
		{1EC5B220-D08A-4925-AA41-AD88E751D3B7}.Release|Any CPU.Build.0 = Release|Any CPU
		{96BDD68A-93BA-454E-B195-7AE2C30670C0}.Debug|Any CPU.ActiveCfg = Debug|Any CPU
		{96BDD68A-93BA-454E-B195-7AE2C30670C0}.Debug|Any CPU.Build.0 = Debug|Any CPU
		{96BDD68A-93BA-454E-B195-7AE2C30670C0}.Release|Any CPU.ActiveCfg = Release|Any CPU
		{96BDD68A-93BA-454E-B195-7AE2C30670C0}.Release|Any CPU.Build.0 = Release|Any CPU
	EndGlobalSection
	GlobalSection(SolutionProperties) = preSolution
		HideSolutionNode = FALSE
	EndGlobalSection
	GlobalSection(NestedProjects) = preSolution
		{92F5097D-30CC-42B6-A638-0FC5938A6476} = {9B00770E-0196-4FD8-BDE3-1579C1ECFEAE}
		{61E4353F-52EF-469E-B120-2111B72F06BA} = {9B00770E-0196-4FD8-BDE3-1579C1ECFEAE}
		{15125D9B-9CB4-48CC-A91E-1A78638D5E3B} = {9B00770E-0196-4FD8-BDE3-1579C1ECFEAE}
		{1647ED82-3993-42A0-8158-63C9CC956D44} = {432AEF7C-9FA2-4AAA-B892-8E6037D8FD05}
		{E016459B-419A-49A7-8D52-99F34C5BB3D8} = {9B00770E-0196-4FD8-BDE3-1579C1ECFEAE}
		{1EC5B220-D08A-4925-AA41-AD88E751D3B7} = {A850CD12-7481-404E-A06E-55E498F36F14}
		{96BDD68A-93BA-454E-B195-7AE2C30670C0} = {2045E983-77F0-42C4-B5D2-E12DC654AF3C}
	EndGlobalSection
	GlobalSection(ExtensibilityGlobals) = postSolution
		SolutionGuid = {E164B3D8-BF12-40B3-9F6B-4F6122E2C450}
	EndGlobalSection
EndGlobal
